<?xml version="1.0" encoding="utf-8"?>
<Project ToolsVersion="4.0" xmlns="http://schemas.microsoft.com/developer/msbuild/2003">
  <ItemGroup>
    <Filter Include="Source Files">
      <UniqueIdentifier>{54c3e5a4-3aa8-4302-a57f-12615d3b0431}</UniqueIdentifier>
      <Extensions>cpp;c;cxx;rc;def;r;odl;idl;hpj;bat</Extensions>
    </Filter>
    <Filter Include="Header Files">
      <UniqueIdentifier>{9eb72337-4d8d-4b04-aba8-f5f817cd9e6f}</UniqueIdentifier>
      <Extensions>h;hpp;hxx;hm;inl</Extensions>
    </Filter>
    <Filter Include="Resource Files">
      <UniqueIdentifier>{1b94f3e1-c18e-4a90-9bd2-82a4716567da}</UniqueIdentifier>
      <Extensions>ico;cur;bmp;dlg;rc2;rct;bin;rgs;gif;jpg;jpeg;jpe</Extensions>
    </Filter>
  </ItemGroup>
  <ItemGroup>
    <ClCompile Include="ADJMethod.cpp">
      <Filter>Source Files</Filter>
    </ClCompile>
    <ClCompile Include="AU3Method.cpp">
      <Filter>Source Files</Filter>
    </ClCompile>
    <ClCompile Include="..\Public\ComFunction.cpp">
      <Filter>Source Files</Filter>
    </ClCompile>
    <ClCompile Include="DADebugMethod.cpp">
      <Filter>Source Files</Filter>
    </ClCompile>
    <ClCompile Include="DllAnalyse.cpp">
      <Filter>Source Files</Filter>
    </ClCompile>
    <ClCompile Include="DPDMethod.cpp">
      <Filter>Source Files</Filter>
    </ClCompile>
    <ClCompile Include="DWGMethod.cpp">
      <Filter>Source Files</Filter>
    </ClCompile>
    <ClCompile Include="ENAMethod.cpp">
      <Filter>Source Files</Filter>
    </ClCompile>
    <ClCompile Include="GlobalVar.cpp">
      <Filter>Source Files</Filter>
    </ClCompile>
    <ClCompile Include="IRUMethod.cpp">
      <Filter>Source Files</Filter>
    </ClCompile>
    <ClCompile Include="Method.cpp">
      <Filter>Source Files</Filter>
    </ClCompile>
    <ClCompile Include="MethodFactory.cpp">
      <Filter>Source Files</Filter>
    </ClCompile>
    <ClCompile Include="MMTMethod.cpp">
      <Filter>Source Files</Filter>
    </ClCompile>
    <ClCompile Include="NCardMethod.cpp">
      <Filter>Source Files</Filter>
    </ClCompile>
    <ClCompile Include="NFAMethod.cpp">
      <Filter>Source Files</Filter>
    </ClCompile>
    <ClCompile Include="NTSMethod.cpp">
      <Filter>Source Files</Filter>
    </ClCompile>
    <ClCompile Include="NTSScriptLib.cpp">
      <Filter>Source Files</Filter>
    </ClCompile>
    <ClCompile Include="OSCMethod.cpp">
      <Filter>Source Files</Filter>
    </ClCompile>
    <ClCompile Include="PRMMethod.cpp">
      <Filter>Source Files</Filter>
    </ClCompile>
    <ClCompile Include="PSAMethod.cpp">
      <Filter>Source Files</Filter>
    </ClCompile>
    <ClCompile Include="SGMethod.cpp">
      <Filter>Source Files</Filter>
    </ClCompile>
    <ClCompile Include="SPEMethod.cpp">
      <Filter>Source Files</Filter>
    </ClCompile>
    <ClCompile Include="StdAfx.cpp">
      <Filter>Source Files</Filter>
    </ClCompile>
    <ClCompile Include="SWMethod.cpp">
      <Filter>Source Files</Filter>
    </ClCompile>
    <ClCompile Include="TCMethod.cpp">
      <Filter>Source Files</Filter>
    </ClCompile>
  </ItemGroup>
  <ItemGroup>
    <ClInclude Include="ADJMethod.h">
      <Filter>Header Files</Filter>
    </ClInclude>
    <ClInclude Include="AU3Method.h">
      <Filter>Header Files</Filter>
    </ClInclude>
    <ClInclude Include="..\Public\ComFunction.h">
      <Filter>Header Files</Filter>
    </ClInclude>
    <ClInclude Include="..\Public\ConstDin.h">
      <Filter>Header Files</Filter>
    </ClInclude>
    <ClInclude Include="DADebugMethod.h">
      <Filter>Header Files</Filter>
    </ClInclude>
    <ClInclude Include="DGL.h">
      <Filter>Header Files</Filter>
    </ClInclude>
    <ClInclude Include="DllAnalyse.h">
      <Filter>Header Files</Filter>
    </ClInclude>
    <ClInclude Include="DPDMethod.h">
      <Filter>Header Files</Filter>
    </ClInclude>
    <ClInclude Include="DWGMethod.h">
      <Filter>Header Files</Filter>
    </ClInclude>
    <ClInclude Include="ENAMethod.h">
      <Filter>Header Files</Filter>
    </ClInclude>
    <ClInclude Include="IRUMethod.h">
      <Filter>Header Files</Filter>
    </ClInclude>
    <ClInclude Include="Method.h">
      <Filter>Header Files</Filter>
    </ClInclude>
    <ClInclude Include="MethodCreator.h">
      <Filter>Header Files</Filter>
    </ClInclude>
    <ClInclude Include="MethodFactory.h">
      <Filter>Header Files</Filter>
    </ClInclude>
    <ClInclude Include="MMTMethod.h">
      <Filter>Header Files</Filter>
    </ClInclude>
    <ClInclude Include="NCardMethod.h">
      <Filter>Header Files</Filter>
    </ClInclude>
    <ClInclude Include="NFAMethod.h">
      <Filter>Header Files</Filter>
    </ClInclude>
    <ClInclude Include="NTSMethod.h">
      <Filter>Header Files</Filter>
    </ClInclude>
    <ClInclude Include="NTSScriptLib.h">
      <Filter>Header Files</Filter>
    </ClInclude>
    <ClInclude Include="OSCMethod.h">
      <Filter>Header Files</Filter>
    </ClInclude>
    <ClInclude Include="PRMMethod.h">
      <Filter>Header Files</Filter>
    </ClInclude>
    <ClInclude Include="PSAMethod.h">
      <Filter>Header Files</Filter>
    </ClInclude>
    <ClInclude Include="resource.h">
      <Filter>Header Files</Filter>
    </ClInclude>
    <ClInclude Include="SGMethod.h">
      <Filter>Header Files</Filter>
    </ClInclude>
    <ClInclude Include="SPEMethod.h">
      <Filter>Header Files</Filter>
    </ClInclude>
    <ClInclude Include="StdAfx.h">
      <Filter>Header Files</Filter>
    </ClInclude>
    <ClInclude Include="SWMethod.h">
      <Filter>Header Files</Filter>
    </ClInclude>
    <ClInclude Include="TCMethod.h">
      <Filter>Header Files</Filter>
    </ClInclude>
  </ItemGroup>
  <ItemGroup>
    <ResourceCompile Include="UseDlg.rc">
      <Filter>Resource Files</Filter>
    </ResourceCompile>
  </ItemGroup>
  <ItemGroup>
    <Text Include="ReadMe.txt" />
  </ItemGroup>
</Project>